{
  "object": {
    "pins": [
      {
        "package": "CryptoSwift",
        "repositoryURL": "https://github.com/grab/CryptoSwift.git",
        "state": {
          "branch": "1.7.1+LibEvolution",
          "revision": "02986d9a7cb21bff190cc9faf4ef1063fa03c162",
          "version": null
        }
      }
    ]
  },
  "version": 1
}
