{
  "originHash" : "af3f33ceb39ca2ca6c9fe32ca5083b0f71ac41d53a9807da15c84e3f0c455e23",
  "pins" : [
    {
      "identity" : "cryptoswift",
      "kind" : "remoteSourceControl",
      "location" : "https://github.com/bangnguyengrab/CryptoSwift.git",
      "state" : {
        "branch" : "1.9.0_library_evolution",
        "revision" : "861765c63d129a2c8a285445b92bbb6af5062683"
      }
    }
  ],
  "version" : 3
}
