{
  "originHash" : "af3f33ceb39ca2ca6c9fe32ca5083b0f71ac41d53a9807da15c84e3f0c455e23",
  "pins" : [
    {
      "identity" : "cryptoswift",
      "kind" : "remoteSourceControl",
      "location" : "https://github.com/grab/CryptoSwift.git",
      "state" : {
        "branch" : "1.7.1+LibEvolution",
        "revision" : "02986d9a7cb21bff190cc9faf4ef1063fa03c162"
      }
    }
  ],
  "version" : 3
}
